
Microsoft Visual Studio Solution File, Format Version 12.00
# Visual Studio Version 17
VisualStudioVersion = 17.10.35027.167
MinimumVisualStudioVersion = 10.0.40219.1
Project("{FAE04EC0-301F-11D3-BF4B-00C04F79EFBC}") = "ProjetoMVCUdemy", "ProjetoMVCUdemy\ProjetoMVCUdemy.csproj", "{185466F3-A812-4FEE-8378-EC2679B8BB8A}"
EndProject
Global
	GlobalSection(SolutionConfigurationPlatforms) = preSolution
		Debug|Any CPU = Debug|Any CPU
		Release|Any CPU = Release|Any CPU
	EndGlobalSection
	GlobalSection(ProjectConfigurationPlatforms) = postSolution
		{185466F3-A812-4FEE-8378-EC2679B8BB8A}.Debug|Any CPU.ActiveCfg = Debug|Any CPU
		{185466F3-A812-4FEE-8378-EC2679B8BB8A}.Debug|Any CPU.Build.0 = Debug|Any CPU
		{185466F3-A812-4FEE-8378-EC2679B8BB8A}.Release|Any CPU.ActiveCfg = Release|Any CPU
		{185466F3-A812-4FEE-8378-EC2679B8BB8A}.Release|Any CPU.Build.0 = Release|Any CPU
	EndGlobalSection
	GlobalSection(SolutionProperties) = preSolution
		HideSolutionNode = FALSE
	EndGlobalSection
	GlobalSection(ExtensibilityGlobals) = postSolution
		SolutionGuid = {8447B333-790B-4440-BA40-C7E3BAE31049}
	EndGlobalSection
EndGlobal
